
Microsoft Visual Studio Solution File, Format Version 12.00
# Visual Studio 14
VisualStudioVersion = 14.0.25420.1
MinimumVisualStudioVersion = 10.0.40219.1
Project("{FAE04EC0-301F-11D3-BF4B-00C04F79EFBC}") = "OCR序列号识别系统", "OCR序列号识别系统\OCR序列号识别系统.csproj", "{A901593E-83B5-4E71-8D10-E6DF41B2F9AF}"
EndProject
Project("{FAE04EC0-301F-11D3-BF4B-00C04F79EFBC}") = "OCR序列号识别系统注册机", "OCR序列号识别系统注册机\OCR序列号识别系统注册机.csproj", "{FD5F2A97-D539-4002-8ABF-D244224C35AD}"
EndProject
Global
	GlobalSection(SolutionConfigurationPlatforms) = preSolution
		Debug|Any CPU = Debug|Any CPU
		Release|Any CPU = Release|Any CPU
	EndGlobalSection
	GlobalSection(ProjectConfigurationPlatforms) = postSolution
		{A901593E-83B5-4E71-8D10-E6DF41B2F9AF}.Debug|Any CPU.ActiveCfg = Debug|Any CPU
		{A901593E-83B5-4E71-8D10-E6DF41B2F9AF}.Debug|Any CPU.Build.0 = Debug|Any CPU
		{A901593E-83B5-4E71-8D10-E6DF41B2F9AF}.Release|Any CPU.ActiveCfg = Release|Any CPU
		{A901593E-83B5-4E71-8D10-E6DF41B2F9AF}.Release|Any CPU.Build.0 = Release|Any CPU
		{FD5F2A97-D539-4002-8ABF-D244224C35AD}.Debug|Any CPU.ActiveCfg = Debug|Any CPU
		{FD5F2A97-D539-4002-8ABF-D244224C35AD}.Debug|Any CPU.Build.0 = Debug|Any CPU
		{FD5F2A97-D539-4002-8ABF-D244224C35AD}.Release|Any CPU.ActiveCfg = Release|Any CPU
		{FD5F2A97-D539-4002-8ABF-D244224C35AD}.Release|Any CPU.Build.0 = Release|Any CPU
	EndGlobalSection
	GlobalSection(SolutionProperties) = preSolution
		HideSolutionNode = FALSE
	EndGlobalSection
	GlobalSection(ExtensibilityGlobals) = postSolution
		SolutionGuid = {3FE5C46A-B25D-41E0-AF0D-09DAE3B9E6CB}
	EndGlobalSection
EndGlobal
